# This file is generated by running "yarn install" inside your project.
# Manual changes might be lost - proceed with caution!

__metadata:
  version: 8
  cacheKey: 10c0

"@dprint/darwin-arm64@npm:0.48.0":
  version: 0.48.0
  resolution: "@dprint/darwin-arm64@npm:0.48.0"
  conditions: os=darwin & cpu=arm64
  languageName: node
  linkType: hard

"@dprint/darwin-x64@npm:0.48.0":
  version: 0.48.0
  resolution: "@dprint/darwin-x64@npm:0.48.0"
  conditions: os=darwin & cpu=x64
  languageName: node
  linkType: hard

"@dprint/linux-arm64-glibc@npm:0.48.0":
  version: 0.48.0
  resolution: "@dprint/linux-arm64-glibc@npm:0.48.0"
  conditions: os=linux & cpu=arm64 & libc=glibc
  languageName: node
  linkType: hard

"@dprint/linux-arm64-musl@npm:0.48.0":
  version: 0.48.0
  resolution: "@dprint/linux-arm64-musl@npm:0.48.0"
  conditions: os=linux & cpu=arm64 & libc=musl
  languageName: node
  linkType: hard

"@dprint/linux-riscv64-glibc@npm:0.48.0":
  version: 0.48.0
  resolution: "@dprint/linux-riscv64-glibc@npm:0.48.0"
  conditions: os=linux & cpu=riscv64 & libc=glibc
  languageName: node
  linkType: hard

"@dprint/linux-x64-glibc@npm:0.48.0":
  version: 0.48.0
  resolution: "@dprint/linux-x64-glibc@npm:0.48.0"
  conditions: os=linux & cpu=x64 & libc=glibc
  languageName: node
  linkType: hard

"@dprint/linux-x64-musl@npm:0.48.0":
  version: 0.48.0
  resolution: "@dprint/linux-x64-musl@npm:0.48.0"
  conditions: os=linux & cpu=x64 & libc=musl
  languageName: node
  linkType: hard

"@dprint/win32-arm64@npm:0.48.0":
  version: 0.48.0
  resolution: "@dprint/win32-arm64@npm:0.48.0"
  conditions: os=win32 & cpu=arm64
  languageName: node
  linkType: hard

"@dprint/win32-x64@npm:0.48.0":
  version: 0.48.0
  resolution: "@dprint/win32-x64@npm:0.48.0"
  conditions: os=win32 & cpu=x64
  languageName: node
  linkType: hard

"@types/node@npm:^22.10.7":
  version: 22.10.7
  resolution: "@types/node@npm:22.10.7"
  dependencies:
    undici-types: "npm:~6.20.0"
  checksum: 10c0/c941b4689dfc4044b64a5f601306cbcb0c7210be853ba378a5dd44137898c45accedd796ee002ad9407024cac7ecaf5049304951cb1d80ce3d7cebbbae56f20e
  languageName: node
  linkType: hard

"dprint@npm:^0.48.0":
  version: 0.48.0
  resolution: "dprint@npm:0.48.0"
  dependencies:
    "@dprint/darwin-arm64": "npm:0.48.0"
    "@dprint/darwin-x64": "npm:0.48.0"
    "@dprint/linux-arm64-glibc": "npm:0.48.0"
    "@dprint/linux-arm64-musl": "npm:0.48.0"
    "@dprint/linux-riscv64-glibc": "npm:0.48.0"
    "@dprint/linux-x64-glibc": "npm:0.48.0"
    "@dprint/linux-x64-musl": "npm:0.48.0"
    "@dprint/win32-arm64": "npm:0.48.0"
    "@dprint/win32-x64": "npm:0.48.0"
  dependenciesMeta:
    "@dprint/darwin-arm64":
      optional: true
    "@dprint/darwin-x64":
      optional: true
    "@dprint/linux-arm64-glibc":
      optional: true
    "@dprint/linux-arm64-musl":
      optional: true
    "@dprint/linux-riscv64-glibc":
      optional: true
    "@dprint/linux-x64-glibc":
      optional: true
    "@dprint/linux-x64-musl":
      optional: true
    "@dprint/win32-arm64":
      optional: true
    "@dprint/win32-x64":
      optional: true
  bin:
    dprint: bin.js
  checksum: 10c0/279e64d8114355288743dc95cf8894caf56dadd1832e1fc85e6488c0329cdbc4889f86ea82bf6834f3dbc73a0aa504f57549aed23f4a08df80d400cefb009ea0
  languageName: node
  linkType: hard

"furi@workspace:.":
  version: 0.0.0-use.local
  resolution: "furi@workspace:."
  dependencies:
    "@types/node": "npm:^22.10.7"
    dprint: "npm:^0.48.0"
    typescript: "npm:^5.7.3"
  languageName: unknown
  linkType: soft

"typescript@npm:^5.7.3":
  version: 5.7.3
  resolution: "typescript@npm:5.7.3"
  bin:
    tsc: bin/tsc
    tsserver: bin/tsserver
  checksum: 10c0/b7580d716cf1824736cc6e628ab4cd8b51877408ba2be0869d2866da35ef8366dd6ae9eb9d0851470a39be17cbd61df1126f9e211d8799d764ea7431d5435afa
  languageName: node
  linkType: hard

"typescript@patch:typescript@npm%3A^5.7.3#optional!builtin<compat/typescript>":
  version: 5.7.3
  resolution: "typescript@patch:typescript@npm%3A5.7.3#optional!builtin<compat/typescript>::version=5.7.3&hash=5786d5"
  bin:
    tsc: bin/tsc
    tsserver: bin/tsserver
  checksum: 10c0/6fd7e0ed3bf23a81246878c613423730c40e8bdbfec4c6e4d7bf1b847cbb39076e56ad5f50aa9d7ebd89877999abaee216002d3f2818885e41c907caaa192cc4
  languageName: node
  linkType: hard

"undici-types@npm:~6.20.0":
  version: 6.20.0
  resolution: "undici-types@npm:6.20.0"
  checksum: 10c0/68e659a98898d6a836a9a59e6adf14a5d799707f5ea629433e025ac90d239f75e408e2e5ff086afc3cace26f8b26ee52155293564593fbb4a2f666af57fc59bf
  languageName: node
  linkType: hard
